
Microsoft Visual Studio Solution File, Format Version 12.00
# Visual Studio 15
VisualStudioVersion = 15.0.28010.2041
MinimumVisualStudioVersion = 10.0.40219.1
Project("{FAE04EC0-301F-11D3-BF4B-00C04F79EFBC}") = "JtAssignment1", "JtAssignment1\JtAssignment1.csproj", "{E9DE9907-D1F9-4FC0-8A1E-C0781500B4F8}"
EndProject
Global
	GlobalSection(SolutionConfigurationPlatforms) = preSolution
		Debug|Any CPU = Debug|Any CPU
		Release|Any CPU = Release|Any CPU
	EndGlobalSection
	GlobalSection(ProjectConfigurationPlatforms) = postSolution
		{E9DE9907-D1F9-4FC0-8A1E-C0781500B4F8}.Debug|Any CPU.ActiveCfg = Debug|Any CPU
		{E9DE9907-D1F9-4FC0-8A1E-C0781500B4F8}.Debug|Any CPU.Build.0 = Debug|Any CPU
		{E9DE9907-D1F9-4FC0-8A1E-C0781500B4F8}.Release|Any CPU.ActiveCfg = Release|Any CPU
		{E9DE9907-D1F9-4FC0-8A1E-C0781500B4F8}.Release|Any CPU.Build.0 = Release|Any CPU
	EndGlobalSection
	GlobalSection(SolutionProperties) = preSolution
		HideSolutionNode = FALSE
	EndGlobalSection
	GlobalSection(ExtensibilityGlobals) = postSolution
		SolutionGuid = {D3A8CD79-CB93-4214-AC8E-16E01087F334}
	EndGlobalSection
EndGlobal
